{
  "nodes": {
    "nixpkgs-24_05": {
      "locked": {
        "lastModified": 1734835170,
        "narHash": "sha256-JG6n9tQET7ZLjvwjH9BdYE6pES/Alcduxv2FDXliuBM=",
        "owner": "nixos",
        "repo": "nixpkgs",
        "rev": "6df924734e1b626efd70925545de844b1c25246f",
        "type": "github"
      },
      "original": {
        "owner": "nixos",
        "ref": "nixos-24.05",
        "repo": "nixpkgs",
        "type": "github"
      }
    },
    "nixpkgs-24_11": {
      "locked": {
        "lastModified": 1734875076,
        "narHash": "sha256-Pzyb+YNG5u3zP79zoi8HXYMs15Q5dfjDgwCdUI5B0nY=",
        "owner": "nixos",
        "repo": "nixpkgs",
        "rev": "1807c2b91223227ad5599d7067a61665c52d1295",
        "type": "github"
      },
      "original": {
        "owner": "nixos",
        "ref": "nixos-24.11",
        "repo": "nixpkgs",
        "type": "github"
      }
    },
    "nixpkgs-unstable": {
      "locked": {
        "lastModified": 1734649271,
        "narHash": "sha256-4EVBRhOjMDuGtMaofAIqzJbg4Ql7Ai0PSeuVZTHjyKQ=",
        "owner": "nixos",
        "repo": "nixpkgs",
        "rev": "d70bd19e0a38ad4790d3913bf08fcbfc9eeca507",
        "type": "github"
      },
      "original": {
        "owner": "nixos",
        "ref": "nixos-unstable",
        "repo": "nixpkgs",
        "type": "github"
      }
    },
    "root": {
      "inputs": {
        "nixpkgs-24_05": "nixpkgs-24_05",
        "nixpkgs-24_11": "nixpkgs-24_11",
        "nixpkgs-unstable": "nixpkgs-unstable"
      }
    }
  },
  "root": "root",
  "version": 7
}
