{
  "nodes": {
    "haskell-terminal": {
      "flake": false,
      "locked": {
        "lastModified": 1709159410,
        "narHash": "sha256-BT0ClAsXsZYx9He7oNQQricb3usxwlYBZj713etxRJg=",
        "owner": "ners",
        "repo": "haskell-terminal",
        "rev": "de3c2fe566fe9b655e46b303d7d93442dafff06c",
        "type": "github"
      },
      "original": {
        "owner": "ners",
        "ref": "fix-virtual-terminal-erase",
        "repo": "haskell-terminal",
        "type": "github"
      }
    },
    "hnix": {
      "flake": false,
      "locked": {
        "lastModified": 1773729417,
        "narHash": "sha256-I4Eem5hAthjxx/T6n7BAcmhcpNtCauHOYEDHtBI3YPw=",
        "owner": "haskell-nix",
        "repo": "hnix",
        "rev": "b2ac3b41a3600cb0a2d8e9d6e9b04268ea0b7bdb",
        "type": "github"
      },
      "original": {
        "owner": "haskell-nix",
        "repo": "hnix",
        "type": "github"
      }
    },
    "nixpkgs": {
      "locked": {
        "lastModified": 1780749050,
        "narHash": "sha256-3av0pIjlOWQ6rDbNOmpUSvbNnJkGORQKKjb4LtCZsIY=",
        "owner": "nixos",
        "repo": "nixpkgs",
        "rev": "a799d3e3886da994fa307f817a6bc705ae538eeb",
        "type": "github"
      },
      "original": {
        "owner": "nixos",
        "ref": "nixos-unstable",
        "repo": "nixpkgs",
        "type": "github"
      }
    },
    "path-io-effectful": {
      "flake": false,
      "locked": {
        "lastModified": 1708630274,
        "narHash": "sha256-YcrseFzmgYCvkAFlnXXbnINn+hALAz6dGZ7I0GGp40A=",
        "owner": "Lugendre",
        "repo": "path-io-effectful",
        "rev": "fd384dfe1d5573f7e431ff101991f1f777bbf7ae",
        "type": "github"
      },
      "original": {
        "owner": "Lugendre",
        "repo": "path-io-effectful",
        "type": "github"
      }
    },
    "root": {
      "inputs": {
        "hnix": "hnix",
        "nixpkgs": "nixpkgs",
        "path-io-effectful": "path-io-effectful",
        "terminal-widgets": "terminal-widgets"
      }
    },
    "terminal-widgets": {
      "inputs": {
        "haskell-terminal": "haskell-terminal",
        "nixpkgs": [
          "nixpkgs"
        ],
        "text-rope-zipper": "text-rope-zipper"
      },
      "locked": {
        "lastModified": 1777738278,
        "narHash": "sha256-tU2WwjEV1eGrc3l07+P0leSZTT2PO84h0alN72966qQ=",
        "owner": "ners",
        "repo": "terminal-widgets",
        "rev": "80554faa0889f99f8f5e5bb8fb11b5ac8758d833",
        "type": "github"
      },
      "original": {
        "owner": "ners",
        "repo": "terminal-widgets",
        "type": "github"
      }
    },
    "text-rope-zipper": {
      "inputs": {
        "nixpkgs": [
          "terminal-widgets",
          "nixpkgs"
        ]
      },
      "locked": {
        "lastModified": 1761402971,
        "narHash": "sha256-8yWP442je2VlQz1lE3ebYWUQoF5qp/YwgZAjP623bS4=",
        "owner": "ners",
        "repo": "text-rope-zipper",
        "rev": "e4d0b078f28e418df73274a9f0bdaeb518b871e4",
        "type": "github"
      },
      "original": {
        "owner": "ners",
        "repo": "text-rope-zipper",
        "type": "github"
      }
    }
  },
  "root": "root",
  "version": 7
}
