{
  "nodes": {
    "nixpkgs": {
      "locked": {
        "lastModified": 1717786204,
        "narHash": "sha256-4q0s6m0GUcN7q+Y2DqD27iLvbcd1G50T2lv08kKxkSI=",
        "owner": "nixos",
        "repo": "nixpkgs",
        "rev": "051f920625ab5aabe37c920346e3e69d7d34400e",
        "type": "github"
      },
      "original": {
        "owner": "nixos",
        "ref": "nixos-unstable",
        "repo": "nixpkgs",
        "type": "github"
      }
    },
    "root": {
      "inputs": {
        "nixpkgs": "nixpkgs",
        "terminal-widgets": "terminal-widgets"
      }
    },
    "terminal-widgets": {
      "inputs": {
        "nixpkgs": [
          "nixpkgs"
        ],
        "text-rope-zipper": "text-rope-zipper"
      },
      "locked": {
        "lastModified": 1715016786,
        "narHash": "sha256-MXacrbJBo4FbTlQTPLm8TJcNM7uQ4nKf+EEIBEkp1V8=",
        "owner": "ners",
        "repo": "terminal-widgets",
        "rev": "ad8e4eb9182928574a18ee86af42ea34ebf4769b",
        "type": "github"
      },
      "original": {
        "owner": "ners",
        "repo": "terminal-widgets",
        "type": "github"
      }
    },
    "text-rope-zipper": {
      "inputs": {
        "nixpkgs": [
          "terminal-widgets",
          "nixpkgs"
        ]
      },
      "locked": {
        "lastModified": 1715016696,
        "narHash": "sha256-/D16r86mh4wrimHaFcWZ/8iEzdF7eduHs3DxK8cNVL4=",
        "owner": "ners",
        "repo": "text-rope-zipper",
        "rev": "d5f943b6eb861e038659570d2015248512cd9c98",
        "type": "github"
      },
      "original": {
        "owner": "ners",
        "repo": "text-rope-zipper",
        "type": "github"
      }
    }
  },
  "root": "root",
  "version": 7
}
